
Microsoft Visual Studio Solution File, Format Version 12.00
# Visual Studio Version 17
VisualStudioVersion = 17.5.33414.496
MinimumVisualStudioVersion = 10.0.40219.1
Project("{FAE04EC0-301F-11D3-BF4B-00C04F79EFBC}") = "VSO-Background-Service", "VSO-Background-Service\VSO-Background-Service.csproj", "{1C768FDD-3DF5-4735-BB91-A43F9C14F20C}"
EndProject
Global
	GlobalSection(SolutionConfigurationPlatforms) = preSolution
		Debug|Any CPU = Debug|Any CPU
		Release|Any CPU = Release|Any CPU
	EndGlobalSection
	GlobalSection(ProjectConfigurationPlatforms) = postSolution
		{1C768FDD-3DF5-4735-BB91-A43F9C14F20C}.Debug|Any CPU.ActiveCfg = Debug|Any CPU
		{1C768FDD-3DF5-4735-BB91-A43F9C14F20C}.Debug|Any CPU.Build.0 = Debug|Any CPU
		{1C768FDD-3DF5-4735-BB91-A43F9C14F20C}.Release|Any CPU.ActiveCfg = Release|Any CPU
		{1C768FDD-3DF5-4735-BB91-A43F9C14F20C}.Release|Any CPU.Build.0 = Release|Any CPU
	EndGlobalSection
	GlobalSection(SolutionProperties) = preSolution
		HideSolutionNode = FALSE
	EndGlobalSection
	GlobalSection(ExtensibilityGlobals) = postSolution
		SolutionGuid = {612D8AA0-5883-4DAA-8B1B-9D69A33F4930}
	EndGlobalSection
EndGlobal
